
Microsoft Visual Studio Solution File, Format Version 12.00
# Visual Studio Version 16
VisualStudioVersion = 16.0.29613.14
MinimumVisualStudioVersion = 10.0.40219.1
Project("{FAE04EC0-301F-11D3-BF4B-00C04F79EFBC}") = "StarWars.UniversalWindows", "StarWars.UniversalWindows\StarWars.UniversalWindows.csproj", "{19F9FE5C-7F8E-4A2C-9316-616630C51468}"
EndProject
Project("{9A19103F-16F7-4668-BE54-9A1E7A4F7556}") = "StarWars.ApiClient", "StarWars.ApiClient\StarWars.ApiClient.csproj", "{B3EF3709-40A2-43A5-A697-196F88CFBFB4}"
EndProject
Project("{9A19103F-16F7-4668-BE54-9A1E7A4F7556}") = "StarWars.Data", "StarWars.Data\StarWars.Data.csproj", "{454C2368-463C-4461-8927-85326F43E2DC}"
EndProject
Project("{FAE04EC0-301F-11D3-BF4B-00C04F79EFBC}") = "StarWars.Data.Dummy", "StarWars.Data.Dummy\StarWars.Data.Dummy.csproj", "{139C984E-1AF5-4576-82CA-FF3B7F301AFC}"
EndProject
Global
	GlobalSection(SolutionConfigurationPlatforms) = preSolution
		Debug|Any CPU = Debug|Any CPU
		Debug|ARM = Debug|ARM
		Debug|ARM64 = Debug|ARM64
		Debug|x64 = Debug|x64
		Debug|x86 = Debug|x86
		Release|Any CPU = Release|Any CPU
		Release|ARM = Release|ARM
		Release|ARM64 = Release|ARM64
		Release|x64 = Release|x64
		Release|x86 = Release|x86
	EndGlobalSection
	GlobalSection(ProjectConfigurationPlatforms) = postSolution
		{19F9FE5C-7F8E-4A2C-9316-616630C51468}.Debug|Any CPU.ActiveCfg = Debug|x86
		{19F9FE5C-7F8E-4A2C-9316-616630C51468}.Debug|Any CPU.Build.0 = Debug|x86
		{19F9FE5C-7F8E-4A2C-9316-616630C51468}.Debug|Any CPU.Deploy.0 = Debug|x86
		{19F9FE5C-7F8E-4A2C-9316-616630C51468}.Debug|ARM.ActiveCfg = Debug|ARM
		{19F9FE5C-7F8E-4A2C-9316-616630C51468}.Debug|ARM.Build.0 = Debug|ARM
		{19F9FE5C-7F8E-4A2C-9316-616630C51468}.Debug|ARM.Deploy.0 = Debug|ARM
		{19F9FE5C-7F8E-4A2C-9316-616630C51468}.Debug|ARM64.ActiveCfg = Debug|ARM64
		{19F9FE5C-7F8E-4A2C-9316-616630C51468}.Debug|ARM64.Build.0 = Debug|ARM64
		{19F9FE5C-7F8E-4A2C-9316-616630C51468}.Debug|ARM64.Deploy.0 = Debug|ARM64
		{19F9FE5C-7F8E-4A2C-9316-616630C51468}.Debug|x64.ActiveCfg = Debug|x64
		{19F9FE5C-7F8E-4A2C-9316-616630C51468}.Debug|x64.Build.0 = Debug|x64
		{19F9FE5C-7F8E-4A2C-9316-616630C51468}.Debug|x64.Deploy.0 = Debug|x64
		{19F9FE5C-7F8E-4A2C-9316-616630C51468}.Debug|x86.ActiveCfg = Debug|x86
		{19F9FE5C-7F8E-4A2C-9316-616630C51468}.Debug|x86.Build.0 = Debug|x86
		{19F9FE5C-7F8E-4A2C-9316-616630C51468}.Debug|x86.Deploy.0 = Debug|x86
		{19F9FE5C-7F8E-4A2C-9316-616630C51468}.Release|Any CPU.ActiveCfg = Release|x86
		{19F9FE5C-7F8E-4A2C-9316-616630C51468}.Release|ARM.ActiveCfg = Release|ARM
		{19F9FE5C-7F8E-4A2C-9316-616630C51468}.Release|ARM.Build.0 = Release|ARM
		{19F9FE5C-7F8E-4A2C-9316-616630C51468}.Release|ARM.Deploy.0 = Release|ARM
		{19F9FE5C-7F8E-4A2C-9316-616630C51468}.Release|ARM64.ActiveCfg = Release|ARM64
		{19F9FE5C-7F8E-4A2C-9316-616630C51468}.Release|ARM64.Build.0 = Release|ARM64
		{19F9FE5C-7F8E-4A2C-9316-616630C51468}.Release|ARM64.Deploy.0 = Release|ARM64
		{19F9FE5C-7F8E-4A2C-9316-616630C51468}.Release|x64.ActiveCfg = Release|x64
		{19F9FE5C-7F8E-4A2C-9316-616630C51468}.Release|x64.Build.0 = Release|x64
		{19F9FE5C-7F8E-4A2C-9316-616630C51468}.Release|x64.Deploy.0 = Release|x64
		{19F9FE5C-7F8E-4A2C-9316-616630C51468}.Release|x86.ActiveCfg = Release|x86
		{19F9FE5C-7F8E-4A2C-9316-616630C51468}.Release|x86.Build.0 = Release|x86
		{19F9FE5C-7F8E-4A2C-9316-616630C51468}.Release|x86.Deploy.0 = Release|x86
		{B3EF3709-40A2-43A5-A697-196F88CFBFB4}.Debug|Any CPU.ActiveCfg = Debug|Any CPU
		{B3EF3709-40A2-43A5-A697-196F88CFBFB4}.Debug|Any CPU.Build.0 = Debug|Any CPU
		{B3EF3709-40A2-43A5-A697-196F88CFBFB4}.Debug|ARM.ActiveCfg = Debug|Any CPU
		{B3EF3709-40A2-43A5-A697-196F88CFBFB4}.Debug|ARM.Build.0 = Debug|Any CPU
		{B3EF3709-40A2-43A5-A697-196F88CFBFB4}.Debug|ARM64.ActiveCfg = Debug|Any CPU
		{B3EF3709-40A2-43A5-A697-196F88CFBFB4}.Debug|ARM64.Build.0 = Debug|Any CPU
		{B3EF3709-40A2-43A5-A697-196F88CFBFB4}.Debug|x64.ActiveCfg = Debug|Any CPU
		{B3EF3709-40A2-43A5-A697-196F88CFBFB4}.Debug|x64.Build.0 = Debug|Any CPU
		{B3EF3709-40A2-43A5-A697-196F88CFBFB4}.Debug|x86.ActiveCfg = Debug|Any CPU
		{B3EF3709-40A2-43A5-A697-196F88CFBFB4}.Debug|x86.Build.0 = Debug|Any CPU
		{B3EF3709-40A2-43A5-A697-196F88CFBFB4}.Release|Any CPU.ActiveCfg = Release|Any CPU
		{B3EF3709-40A2-43A5-A697-196F88CFBFB4}.Release|Any CPU.Build.0 = Release|Any CPU
		{B3EF3709-40A2-43A5-A697-196F88CFBFB4}.Release|ARM.ActiveCfg = Release|Any CPU
		{B3EF3709-40A2-43A5-A697-196F88CFBFB4}.Release|ARM.Build.0 = Release|Any CPU
		{B3EF3709-40A2-43A5-A697-196F88CFBFB4}.Release|ARM64.ActiveCfg = Release|Any CPU
		{B3EF3709-40A2-43A5-A697-196F88CFBFB4}.Release|ARM64.Build.0 = Release|Any CPU
		{B3EF3709-40A2-43A5-A697-196F88CFBFB4}.Release|x64.ActiveCfg = Release|Any CPU
		{B3EF3709-40A2-43A5-A697-196F88CFBFB4}.Release|x64.Build.0 = Release|Any CPU
		{B3EF3709-40A2-43A5-A697-196F88CFBFB4}.Release|x86.ActiveCfg = Release|Any CPU
		{B3EF3709-40A2-43A5-A697-196F88CFBFB4}.Release|x86.Build.0 = Release|Any CPU
		{454C2368-463C-4461-8927-85326F43E2DC}.Debug|Any CPU.ActiveCfg = Debug|Any CPU
		{454C2368-463C-4461-8927-85326F43E2DC}.Debug|Any CPU.Build.0 = Debug|Any CPU
		{454C2368-463C-4461-8927-85326F43E2DC}.Debug|ARM.ActiveCfg = Debug|Any CPU
		{454C2368-463C-4461-8927-85326F43E2DC}.Debug|ARM.Build.0 = Debug|Any CPU
		{454C2368-463C-4461-8927-85326F43E2DC}.Debug|ARM64.ActiveCfg = Debug|Any CPU
		{454C2368-463C-4461-8927-85326F43E2DC}.Debug|ARM64.Build.0 = Debug|Any CPU
		{454C2368-463C-4461-8927-85326F43E2DC}.Debug|x64.ActiveCfg = Debug|Any CPU
		{454C2368-463C-4461-8927-85326F43E2DC}.Debug|x64.Build.0 = Debug|Any CPU
		{454C2368-463C-4461-8927-85326F43E2DC}.Debug|x86.ActiveCfg = Debug|Any CPU
		{454C2368-463C-4461-8927-85326F43E2DC}.Debug|x86.Build.0 = Debug|Any CPU
		{454C2368-463C-4461-8927-85326F43E2DC}.Release|Any CPU.ActiveCfg = Release|Any CPU
		{454C2368-463C-4461-8927-85326F43E2DC}.Release|Any CPU.Build.0 = Release|Any CPU
		{454C2368-463C-4461-8927-85326F43E2DC}.Release|ARM.ActiveCfg = Release|Any CPU
		{454C2368-463C-4461-8927-85326F43E2DC}.Release|ARM.Build.0 = Release|Any CPU
		{454C2368-463C-4461-8927-85326F43E2DC}.Release|ARM64.ActiveCfg = Release|Any CPU
		{454C2368-463C-4461-8927-85326F43E2DC}.Release|ARM64.Build.0 = Release|Any CPU
		{454C2368-463C-4461-8927-85326F43E2DC}.Release|x64.ActiveCfg = Release|Any CPU
		{454C2368-463C-4461-8927-85326F43E2DC}.Release|x64.Build.0 = Release|Any CPU
		{454C2368-463C-4461-8927-85326F43E2DC}.Release|x86.ActiveCfg = Release|Any CPU
		{454C2368-463C-4461-8927-85326F43E2DC}.Release|x86.Build.0 = Release|Any CPU
		{139C984E-1AF5-4576-82CA-FF3B7F301AFC}.Debug|Any CPU.ActiveCfg = Debug|Any CPU
		{139C984E-1AF5-4576-82CA-FF3B7F301AFC}.Debug|Any CPU.Build.0 = Debug|Any CPU
		{139C984E-1AF5-4576-82CA-FF3B7F301AFC}.Debug|ARM.ActiveCfg = Debug|Any CPU
		{139C984E-1AF5-4576-82CA-FF3B7F301AFC}.Debug|ARM.Build.0 = Debug|Any CPU
		{139C984E-1AF5-4576-82CA-FF3B7F301AFC}.Debug|ARM64.ActiveCfg = Debug|Any CPU
		{139C984E-1AF5-4576-82CA-FF3B7F301AFC}.Debug|ARM64.Build.0 = Debug|Any CPU
		{139C984E-1AF5-4576-82CA-FF3B7F301AFC}.Debug|x64.ActiveCfg = Debug|Any CPU
		{139C984E-1AF5-4576-82CA-FF3B7F301AFC}.Debug|x64.Build.0 = Debug|Any CPU
		{139C984E-1AF5-4576-82CA-FF3B7F301AFC}.Debug|x86.ActiveCfg = Debug|Any CPU
		{139C984E-1AF5-4576-82CA-FF3B7F301AFC}.Debug|x86.Build.0 = Debug|Any CPU
		{139C984E-1AF5-4576-82CA-FF3B7F301AFC}.Release|Any CPU.ActiveCfg = Release|Any CPU
		{139C984E-1AF5-4576-82CA-FF3B7F301AFC}.Release|Any CPU.Build.0 = Release|Any CPU
		{139C984E-1AF5-4576-82CA-FF3B7F301AFC}.Release|ARM.ActiveCfg = Release|Any CPU
		{139C984E-1AF5-4576-82CA-FF3B7F301AFC}.Release|ARM.Build.0 = Release|Any CPU
		{139C984E-1AF5-4576-82CA-FF3B7F301AFC}.Release|ARM64.ActiveCfg = Release|Any CPU
		{139C984E-1AF5-4576-82CA-FF3B7F301AFC}.Release|ARM64.Build.0 = Release|Any CPU
		{139C984E-1AF5-4576-82CA-FF3B7F301AFC}.Release|x64.ActiveCfg = Release|Any CPU
		{139C984E-1AF5-4576-82CA-FF3B7F301AFC}.Release|x64.Build.0 = Release|Any CPU
		{139C984E-1AF5-4576-82CA-FF3B7F301AFC}.Release|x86.ActiveCfg = Release|Any CPU
		{139C984E-1AF5-4576-82CA-FF3B7F301AFC}.Release|x86.Build.0 = Release|Any CPU
	EndGlobalSection
	GlobalSection(SolutionProperties) = preSolution
		HideSolutionNode = FALSE
	EndGlobalSection
	GlobalSection(ExtensibilityGlobals) = postSolution
		SolutionGuid = {F6323855-AF70-4CE2-BD61-06CA6C60118D}
	EndGlobalSection
EndGlobal
